
Microsoft Visual Studio Solution File, Format Version 12.00
# Visual Studio Version 16
VisualStudioVersion = 16.0.30717.126
MinimumVisualStudioVersion = 10.0.40219.1
Project("{FAE04EC0-301F-11D3-BF4B-00C04F79EFBC}") = "ALGHW3", "ALGHW3\ALGHW3.csproj", "{6FA8DD3F-78AC-475E-8B62-DA017043FFB9}"
EndProject
Global
	GlobalSection(SolutionConfigurationPlatforms) = preSolution
		Debug|Any CPU = Debug|Any CPU
		Release|Any CPU = Release|Any CPU
	EndGlobalSection
	GlobalSection(ProjectConfigurationPlatforms) = postSolution
		{6FA8DD3F-78AC-475E-8B62-DA017043FFB9}.Debug|Any CPU.ActiveCfg = Debug|Any CPU
		{6FA8DD3F-78AC-475E-8B62-DA017043FFB9}.Debug|Any CPU.Build.0 = Debug|Any CPU
		{6FA8DD3F-78AC-475E-8B62-DA017043FFB9}.Release|Any CPU.ActiveCfg = Release|Any CPU
		{6FA8DD3F-78AC-475E-8B62-DA017043FFB9}.Release|Any CPU.Build.0 = Release|Any CPU
	EndGlobalSection
	GlobalSection(SolutionProperties) = preSolution
		HideSolutionNode = FALSE
	EndGlobalSection
	GlobalSection(ExtensibilityGlobals) = postSolution
		SolutionGuid = {C8E9B40D-C3C2-4839-A312-FF9E918B5BC6}
	EndGlobalSection
EndGlobal
